
Microsoft Visual Studio Solution File, Format Version 12.00
# Visual Studio Version 17
VisualStudioVersion = 17.11.35222.181
MinimumVisualStudioVersion = 10.0.40219.1
Project("{FAE04EC0-301F-11D3-BF4B-00C04F79EFBC}") = "Monogame Part 2 - Lists and Loops", "Monogame Part 2 - Lists and Loops.csproj", "{408FDD94-9D7E-4452-B4E9-0B9C37239EE7}"
EndProject
Global
	GlobalSection(SolutionConfigurationPlatforms) = preSolution
		Debug|Any CPU = Debug|Any CPU
		Release|Any CPU = Release|Any CPU
	EndGlobalSection
	GlobalSection(ProjectConfigurationPlatforms) = postSolution
		{408FDD94-9D7E-4452-B4E9-0B9C37239EE7}.Debug|Any CPU.ActiveCfg = Debug|Any CPU
		{408FDD94-9D7E-4452-B4E9-0B9C37239EE7}.Debug|Any CPU.Build.0 = Debug|Any CPU
		{408FDD94-9D7E-4452-B4E9-0B9C37239EE7}.Release|Any CPU.ActiveCfg = Release|Any CPU
		{408FDD94-9D7E-4452-B4E9-0B9C37239EE7}.Release|Any CPU.Build.0 = Release|Any CPU
	EndGlobalSection
	GlobalSection(SolutionProperties) = preSolution
		HideSolutionNode = FALSE
	EndGlobalSection
	GlobalSection(ExtensibilityGlobals) = postSolution
		SolutionGuid = {6FCDC998-5E2C-404E-AD67-DD568793B105}
	EndGlobalSection
EndGlobal
